
Microsoft Visual Studio Solution File, Format Version 12.00
# Visual Studio 15
VisualStudioVersion = 15.0.28307.136
MinimumVisualStudioVersion = 10.0.40219.1
Project("{2150E333-8FDC-42A3-9474-1A3956D46DE8}") = "chapter01", "chapter01", "{8E54F0B3-F5A7-483E-BA88-AB7989268FC1}"
EndProject
Project("{2150E333-8FDC-42A3-9474-1A3956D46DE8}") = "chapter02", "chapter02", "{D795D1F3-1CA9-40E7-AAC1-49C0E159E5B3}"
EndProject
Project("{8BC9CEB8-8B4A-11D0-8D11-00A0C91BC942}") = "chapter1_1", "chapter01\chapter1_1\chapter1_1.vcxproj", "{701235B8-2132-4ADB-8F94-FE3DA15BC0C7}"
EndProject
Project("{8BC9CEB8-8B4A-11D0-8D11-00A0C91BC942}") = "chapter2_2", "chapter02\chapter2_2\chapter2_2.vcxproj", "{626E58D5-DAD5-458A-9EA6-092DA6B52AA6}"
EndProject
Project("{8BC9CEB8-8B4A-11D0-8D11-00A0C91BC942}") = "chapter2_3", "chapter02\chapter2_3\chapter2_3.vcxproj", "{63CA3E28-4047-4458-BAC6-0DCB65266251}"
EndProject
Project("{8BC9CEB8-8B4A-11D0-8D11-00A0C91BC942}") = "chapter2_4", "chapter02\chapter2_4\chapter2_4.vcxproj", "{3F3CD332-5613-41A9-9F02-F83BB779423E}"
EndProject
Project("{8BC9CEB8-8B4A-11D0-8D11-00A0C91BC942}") = "chapter2_7", "chapter02\chapter2_7\chapter2_7.vcxproj", "{68540F36-F668-4B6B-93F4-BC2E826042D5}"
EndProject
Project("{8BC9CEB8-8B4A-11D0-8D11-00A0C91BC942}") = "chapter2_6", "chapter02\chapter2_6\2_6.vcxproj", "{F19263C8-237E-4EDB-A7C3-DF46C9AEF039}"
EndProject
Project("{8BC9CEB8-8B4A-11D0-8D11-00A0C91BC942}") = "chapter2_8", "chapter02\chapter2_8\chapter2_8.vcxproj", "{B921C75D-4B37-43DA-8401-5980C24AFE54}"
EndProject
Project("{2150E333-8FDC-42A3-9474-1A3956D46DE8}") = "chapter03", "chapter03", "{7F6A4105-B17C-42B4-BE66-39B74AC0E20C}"
EndProject
Project("{8BC9CEB8-8B4A-11D0-8D11-00A0C91BC942}") = "chapter3_2", "chapter03\chapter3_2\chapter3_2.vcxproj", "{3AA41E6D-A18F-4A4C-B600-307ADCBB4217}"
EndProject
Project("{8BC9CEB8-8B4A-11D0-8D11-00A0C91BC942}") = "chapter3_3", "chapter03\chapter3_3\chapter3_3.vcxproj", "{4D5164F1-CE11-4989-9CA0-71E6A28EF2DD}"
EndProject
Project("{8BC9CEB8-8B4A-11D0-8D11-00A0C91BC942}") = "chapter3_4", "chapter3_4\chapter3_4.vcxproj", "{5F1FBA51-CD9F-4CE8-8AC8-CDE02CC5B21B}"
EndProject
Project("{8BC9CEB8-8B4A-11D0-8D11-00A0C91BC942}") = "chapter3_5", "chapter3_5\chapter3_5.vcxproj", "{A39D9120-1740-4757-BE2A-1D2C28ABC54D}"
EndProject
Global
	GlobalSection(SolutionConfigurationPlatforms) = preSolution
		Debug|x64 = Debug|x64
		Debug|x86 = Debug|x86
		Release|x64 = Release|x64
		Release|x86 = Release|x86
	EndGlobalSection
	GlobalSection(ProjectConfigurationPlatforms) = postSolution
		{701235B8-2132-4ADB-8F94-FE3DA15BC0C7}.Debug|x64.ActiveCfg = Debug|x64
		{701235B8-2132-4ADB-8F94-FE3DA15BC0C7}.Debug|x64.Build.0 = Debug|x64
		{701235B8-2132-4ADB-8F94-FE3DA15BC0C7}.Debug|x86.ActiveCfg = Debug|Win32
		{701235B8-2132-4ADB-8F94-FE3DA15BC0C7}.Debug|x86.Build.0 = Debug|Win32
		{701235B8-2132-4ADB-8F94-FE3DA15BC0C7}.Release|x64.ActiveCfg = Release|x64
		{701235B8-2132-4ADB-8F94-FE3DA15BC0C7}.Release|x64.Build.0 = Release|x64
		{701235B8-2132-4ADB-8F94-FE3DA15BC0C7}.Release|x86.ActiveCfg = Release|Win32
		{701235B8-2132-4ADB-8F94-FE3DA15BC0C7}.Release|x86.Build.0 = Release|Win32
		{626E58D5-DAD5-458A-9EA6-092DA6B52AA6}.Debug|x64.ActiveCfg = Debug|x64
		{626E58D5-DAD5-458A-9EA6-092DA6B52AA6}.Debug|x64.Build.0 = Debug|x64
		{626E58D5-DAD5-458A-9EA6-092DA6B52AA6}.Debug|x86.ActiveCfg = Debug|Win32
		{626E58D5-DAD5-458A-9EA6-092DA6B52AA6}.Debug|x86.Build.0 = Debug|Win32
		{626E58D5-DAD5-458A-9EA6-092DA6B52AA6}.Release|x64.ActiveCfg = Release|x64
		{626E58D5-DAD5-458A-9EA6-092DA6B52AA6}.Release|x64.Build.0 = Release|x64
		{626E58D5-DAD5-458A-9EA6-092DA6B52AA6}.Release|x86.ActiveCfg = Release|Win32
		{626E58D5-DAD5-458A-9EA6-092DA6B52AA6}.Release|x86.Build.0 = Release|Win32
		{63CA3E28-4047-4458-BAC6-0DCB65266251}.Debug|x64.ActiveCfg = Debug|x64
		{63CA3E28-4047-4458-BAC6-0DCB65266251}.Debug|x64.Build.0 = Debug|x64
		{63CA3E28-4047-4458-BAC6-0DCB65266251}.Debug|x86.ActiveCfg = Debug|Win32
		{63CA3E28-4047-4458-BAC6-0DCB65266251}.Debug|x86.Build.0 = Debug|Win32
		{63CA3E28-4047-4458-BAC6-0DCB65266251}.Release|x64.ActiveCfg = Release|x64
		{63CA3E28-4047-4458-BAC6-0DCB65266251}.Release|x64.Build.0 = Release|x64
		{63CA3E28-4047-4458-BAC6-0DCB65266251}.Release|x86.ActiveCfg = Release|Win32
		{63CA3E28-4047-4458-BAC6-0DCB65266251}.Release|x86.Build.0 = Release|Win32
		{3F3CD332-5613-41A9-9F02-F83BB779423E}.Debug|x64.ActiveCfg = Debug|x64
		{3F3CD332-5613-41A9-9F02-F83BB779423E}.Debug|x64.Build.0 = Debug|x64
		{3F3CD332-5613-41A9-9F02-F83BB779423E}.Debug|x86.ActiveCfg = Debug|Win32
		{3F3CD332-5613-41A9-9F02-F83BB779423E}.Debug|x86.Build.0 = Debug|Win32
		{3F3CD332-5613-41A9-9F02-F83BB779423E}.Release|x64.ActiveCfg = Release|x64
		{3F3CD332-5613-41A9-9F02-F83BB779423E}.Release|x64.Build.0 = Release|x64
		{3F3CD332-5613-41A9-9F02-F83BB779423E}.Release|x86.ActiveCfg = Release|Win32
		{3F3CD332-5613-41A9-9F02-F83BB779423E}.Release|x86.Build.0 = Release|Win32
		{68540F36-F668-4B6B-93F4-BC2E826042D5}.Debug|x64.ActiveCfg = Debug|x64
		{68540F36-F668-4B6B-93F4-BC2E826042D5}.Debug|x64.Build.0 = Debug|x64
		{68540F36-F668-4B6B-93F4-BC2E826042D5}.Debug|x86.ActiveCfg = Debug|Win32
		{68540F36-F668-4B6B-93F4-BC2E826042D5}.Debug|x86.Build.0 = Debug|Win32
		{68540F36-F668-4B6B-93F4-BC2E826042D5}.Release|x64.ActiveCfg = Release|x64
		{68540F36-F668-4B6B-93F4-BC2E826042D5}.Release|x64.Build.0 = Release|x64
		{68540F36-F668-4B6B-93F4-BC2E826042D5}.Release|x86.ActiveCfg = Release|Win32
		{68540F36-F668-4B6B-93F4-BC2E826042D5}.Release|x86.Build.0 = Release|Win32
		{F19263C8-237E-4EDB-A7C3-DF46C9AEF039}.Debug|x64.ActiveCfg = Debug|x64
		{F19263C8-237E-4EDB-A7C3-DF46C9AEF039}.Debug|x64.Build.0 = Debug|x64
		{F19263C8-237E-4EDB-A7C3-DF46C9AEF039}.Debug|x86.ActiveCfg = Debug|Win32
		{F19263C8-237E-4EDB-A7C3-DF46C9AEF039}.Debug|x86.Build.0 = Debug|Win32
		{F19263C8-237E-4EDB-A7C3-DF46C9AEF039}.Release|x64.ActiveCfg = Release|x64
		{F19263C8-237E-4EDB-A7C3-DF46C9AEF039}.Release|x64.Build.0 = Release|x64
		{F19263C8-237E-4EDB-A7C3-DF46C9AEF039}.Release|x86.ActiveCfg = Release|Win32
		{F19263C8-237E-4EDB-A7C3-DF46C9AEF039}.Release|x86.Build.0 = Release|Win32
		{B921C75D-4B37-43DA-8401-5980C24AFE54}.Debug|x64.ActiveCfg = Debug|x64
		{B921C75D-4B37-43DA-8401-5980C24AFE54}.Debug|x64.Build.0 = Debug|x64
		{B921C75D-4B37-43DA-8401-5980C24AFE54}.Debug|x86.ActiveCfg = Debug|Win32
		{B921C75D-4B37-43DA-8401-5980C24AFE54}.Debug|x86.Build.0 = Debug|Win32
		{B921C75D-4B37-43DA-8401-5980C24AFE54}.Release|x64.ActiveCfg = Release|x64
		{B921C75D-4B37-43DA-8401-5980C24AFE54}.Release|x64.Build.0 = Release|x64
		{B921C75D-4B37-43DA-8401-5980C24AFE54}.Release|x86.ActiveCfg = Release|Win32
		{B921C75D-4B37-43DA-8401-5980C24AFE54}.Release|x86.Build.0 = Release|Win32
		{3AA41E6D-A18F-4A4C-B600-307ADCBB4217}.Debug|x64.ActiveCfg = Debug|x64
		{3AA41E6D-A18F-4A4C-B600-307ADCBB4217}.Debug|x64.Build.0 = Debug|x64
		{3AA41E6D-A18F-4A4C-B600-307ADCBB4217}.Debug|x86.ActiveCfg = Debug|Win32
		{3AA41E6D-A18F-4A4C-B600-307ADCBB4217}.Debug|x86.Build.0 = Debug|Win32
		{3AA41E6D-A18F-4A4C-B600-307ADCBB4217}.Release|x64.ActiveCfg = Release|x64
		{3AA41E6D-A18F-4A4C-B600-307ADCBB4217}.Release|x64.Build.0 = Release|x64
		{3AA41E6D-A18F-4A4C-B600-307ADCBB4217}.Release|x86.ActiveCfg = Release|Win32
		{3AA41E6D-A18F-4A4C-B600-307ADCBB4217}.Release|x86.Build.0 = Release|Win32
		{4D5164F1-CE11-4989-9CA0-71E6A28EF2DD}.Debug|x64.ActiveCfg = Debug|x64
		{4D5164F1-CE11-4989-9CA0-71E6A28EF2DD}.Debug|x64.Build.0 = Debug|x64
		{4D5164F1-CE11-4989-9CA0-71E6A28EF2DD}.Debug|x86.ActiveCfg = Debug|Win32
		{4D5164F1-CE11-4989-9CA0-71E6A28EF2DD}.Debug|x86.Build.0 = Debug|Win32
		{4D5164F1-CE11-4989-9CA0-71E6A28EF2DD}.Release|x64.ActiveCfg = Release|x64
		{4D5164F1-CE11-4989-9CA0-71E6A28EF2DD}.Release|x64.Build.0 = Release|x64
		{4D5164F1-CE11-4989-9CA0-71E6A28EF2DD}.Release|x86.ActiveCfg = Release|Win32
		{4D5164F1-CE11-4989-9CA0-71E6A28EF2DD}.Release|x86.Build.0 = Release|Win32
		{5F1FBA51-CD9F-4CE8-8AC8-CDE02CC5B21B}.Debug|x64.ActiveCfg = Debug|x64
		{5F1FBA51-CD9F-4CE8-8AC8-CDE02CC5B21B}.Debug|x64.Build.0 = Debug|x64
		{5F1FBA51-CD9F-4CE8-8AC8-CDE02CC5B21B}.Debug|x86.ActiveCfg = Debug|Win32
		{5F1FBA51-CD9F-4CE8-8AC8-CDE02CC5B21B}.Debug|x86.Build.0 = Debug|Win32
		{5F1FBA51-CD9F-4CE8-8AC8-CDE02CC5B21B}.Release|x64.ActiveCfg = Release|x64
		{5F1FBA51-CD9F-4CE8-8AC8-CDE02CC5B21B}.Release|x64.Build.0 = Release|x64
		{5F1FBA51-CD9F-4CE8-8AC8-CDE02CC5B21B}.Release|x86.ActiveCfg = Release|Win32
		{5F1FBA51-CD9F-4CE8-8AC8-CDE02CC5B21B}.Release|x86.Build.0 = Release|Win32
		{A39D9120-1740-4757-BE2A-1D2C28ABC54D}.Debug|x64.ActiveCfg = Debug|x64
		{A39D9120-1740-4757-BE2A-1D2C28ABC54D}.Debug|x64.Build.0 = Debug|x64
		{A39D9120-1740-4757-BE2A-1D2C28ABC54D}.Debug|x86.ActiveCfg = Debug|Win32
		{A39D9120-1740-4757-BE2A-1D2C28ABC54D}.Debug|x86.Build.0 = Debug|Win32
		{A39D9120-1740-4757-BE2A-1D2C28ABC54D}.Release|x64.ActiveCfg = Release|x64
		{A39D9120-1740-4757-BE2A-1D2C28ABC54D}.Release|x64.Build.0 = Release|x64
		{A39D9120-1740-4757-BE2A-1D2C28ABC54D}.Release|x86.ActiveCfg = Release|Win32
		{A39D9120-1740-4757-BE2A-1D2C28ABC54D}.Release|x86.Build.0 = Release|Win32
	EndGlobalSection
	GlobalSection(SolutionProperties) = preSolution
		HideSolutionNode = FALSE
	EndGlobalSection
	GlobalSection(NestedProjects) = preSolution
		{701235B8-2132-4ADB-8F94-FE3DA15BC0C7} = {8E54F0B3-F5A7-483E-BA88-AB7989268FC1}
		{626E58D5-DAD5-458A-9EA6-092DA6B52AA6} = {D795D1F3-1CA9-40E7-AAC1-49C0E159E5B3}
		{63CA3E28-4047-4458-BAC6-0DCB65266251} = {D795D1F3-1CA9-40E7-AAC1-49C0E159E5B3}
		{3F3CD332-5613-41A9-9F02-F83BB779423E} = {D795D1F3-1CA9-40E7-AAC1-49C0E159E5B3}
		{68540F36-F668-4B6B-93F4-BC2E826042D5} = {D795D1F3-1CA9-40E7-AAC1-49C0E159E5B3}
		{F19263C8-237E-4EDB-A7C3-DF46C9AEF039} = {D795D1F3-1CA9-40E7-AAC1-49C0E159E5B3}
		{B921C75D-4B37-43DA-8401-5980C24AFE54} = {D795D1F3-1CA9-40E7-AAC1-49C0E159E5B3}
		{3AA41E6D-A18F-4A4C-B600-307ADCBB4217} = {7F6A4105-B17C-42B4-BE66-39B74AC0E20C}
		{4D5164F1-CE11-4989-9CA0-71E6A28EF2DD} = {7F6A4105-B17C-42B4-BE66-39B74AC0E20C}
		{5F1FBA51-CD9F-4CE8-8AC8-CDE02CC5B21B} = {7F6A4105-B17C-42B4-BE66-39B74AC0E20C}
		{A39D9120-1740-4757-BE2A-1D2C28ABC54D} = {7F6A4105-B17C-42B4-BE66-39B74AC0E20C}
	EndGlobalSection
	GlobalSection(ExtensibilityGlobals) = postSolution
		SolutionGuid = {61D7A2E8-060C-4EDE-A585-2C7F88656342}
	EndGlobalSection
EndGlobal
